// !$*UTF8*$!
{
	archiveVersion = 1;
	classes = {
	};
	objectVersion = 56;
	objects = {

/* Begin PBXBuildFile section */
		C18112D82D174F3300EFB4DA /* main.cpp in Sources */ = {isa = PBXBuildFile; fileRef = C18112D72D174F3300EFB4DA /* main.cpp */; };
		C18112E12D1751E100EFB4DA /* Calender.cpp in Sources */ = {isa = PBXBuildFile; fileRef = C18112E02D1751E100EFB4DA /* Calender.cpp */; };
		C18112E52D17521B00EFB4DA /* Year.cpp in Sources */ = {isa = PBXBuildFile; fileRef = C18112E32D17521B00EFB4DA /* Year.cpp */; };
		C18112E82D17522B00EFB4DA /* Month.cpp in Sources */ = {isa = PBXBuildFile; fileRef = C18112E62D17522B00EFB4DA /* Month.cpp */; };
		C18112EB2D17523500EFB4DA /* Day.cpp in Sources */ = {isa = PBXBuildFile; fileRef = C18112E92D17523500EFB4DA /* Day.cpp */; };
		C18112EE2D17524200EFB4DA /* Week.cpp in Sources */ = {isa = PBXBuildFile; fileRef = C18112EC2D17524200EFB4DA /* Week.cpp */; };
/* End PBXBuildFile section */

/* Begin PBXCopyFilesBuildPhase section */
		C18112D22D174F3300EFB4DA /* CopyFiles */ = {
			isa = PBXCopyFilesBuildPhase;
			buildActionMask = 2147483647;
			dstPath = /usr/share/man/man1/;
			dstSubfolderSpec = 0;
			files = (
			);
			runOnlyForDeploymentPostprocessing = 1;
		};
/* End PBXCopyFilesBuildPhase section */

/* Begin PBXFileReference section */
		C18112D42D174F3300EFB4DA /* Calender */ = {isa = PBXFileReference; explicitFileType = "compiled.mach-o.executable"; includeInIndex = 0; path = Calender; sourceTree = BUILT_PRODUCTS_DIR; };
		C18112D72D174F3300EFB4DA /* main.cpp */ = {isa = PBXFileReference; lastKnownFileType = sourcecode.cpp.cpp; path = main.cpp; sourceTree = "<group>"; };
		C18112E02D1751E100EFB4DA /* Calender.cpp */ = {isa = PBXFileReference; lastKnownFileType = sourcecode.cpp.cpp; path = Calender.cpp; sourceTree = "<group>"; };
		C18112E22D1751EC00EFB4DA /* Calender.h */ = {isa = PBXFileReference; lastKnownFileType = sourcecode.c.h; path = Calender.h; sourceTree = "<group>"; };
		C18112E32D17521B00EFB4DA /* Year.cpp */ = {isa = PBXFileReference; lastKnownFileType = sourcecode.cpp.cpp; path = Year.cpp; sourceTree = "<group>"; };
		C18112E42D17521B00EFB4DA /* Year.hpp */ = {isa = PBXFileReference; lastKnownFileType = sourcecode.cpp.h; path = Year.hpp; sourceTree = "<group>"; };
		C18112E62D17522B00EFB4DA /* Month.cpp */ = {isa = PBXFileReference; lastKnownFileType = sourcecode.cpp.cpp; path = Month.cpp; sourceTree = "<group>"; };
		C18112E72D17522B00EFB4DA /* Month.hpp */ = {isa = PBXFileReference; lastKnownFileType = sourcecode.cpp.h; path = Month.hpp; sourceTree = "<group>"; };
		C18112E92D17523500EFB4DA /* Day.cpp */ = {isa = PBXFileReference; lastKnownFileType = sourcecode.cpp.cpp; path = Day.cpp; sourceTree = "<group>"; };
		C18112EA2D17523500EFB4DA /* Day.hpp */ = {isa = PBXFileReference; lastKnownFileType = sourcecode.cpp.h; path = Day.hpp; sourceTree = "<group>"; };
		C18112EC2D17524200EFB4DA /* Week.cpp */ = {isa = PBXFileReference; lastKnownFileType = sourcecode.cpp.cpp; path = Week.cpp; sourceTree = "<group>"; };
		C18112ED2D17524200EFB4DA /* Week.hpp */ = {isa = PBXFileReference; lastKnownFileType = sourcecode.cpp.h; path = Week.hpp; sourceTree = "<group>"; };
/* End PBXFileReference section */

/* Begin PBXFrameworksBuildPhase section */
		C18112D12D174F3300EFB4DA /* Frameworks */ = {
			isa = PBXFrameworksBuildPhase;
			buildActionMask = 2147483647;
			files = (
			);
			runOnlyForDeploymentPostprocessing = 0;
		};
/* End PBXFrameworksBuildPhase section */

/* Begin PBXGroup section */
		C18112CB2D174F3300EFB4DA = {
			isa = PBXGroup;
			children = (
				C18112D62D174F3300EFB4DA /* Calender */,
				C18112D52D174F3300EFB4DA /* Products */,
			);
			sourceTree = "<group>";
		};
		C18112D52D174F3300EFB4DA /* Products */ = {
			isa = PBXGroup;
			children = (
				C18112D42D174F3300EFB4DA /* Calender */,
			);
			name = Products;
			sourceTree = "<group>";
		};
		C18112D62D174F3300EFB4DA /* Calender */ = {
			isa = PBXGroup;
			children = (
				C18112D72D174F3300EFB4DA /* main.cpp */,
				C18112E92D17523500EFB4DA /* Day.cpp */,
				C18112EA2D17523500EFB4DA /* Day.hpp */,
				C18112EC2D17524200EFB4DA /* Week.cpp */,
				C18112ED2D17524200EFB4DA /* Week.hpp */,
				C18112E02D1751E100EFB4DA /* Calender.cpp */,
				C18112E32D17521B00EFB4DA /* Year.cpp */,
				C18112E42D17521B00EFB4DA /* Year.hpp */,
				C18112E22D1751EC00EFB4DA /* Calender.h */,
				C18112E62D17522B00EFB4DA /* Month.cpp */,
				C18112E72D17522B00EFB4DA /* Month.hpp */,
			);
			path = Calender;
			sourceTree = "<group>";
		};
/* End PBXGroup section */

/* Begin PBXNativeTarget section */
		C18112D32D174F3300EFB4DA /* Calender */ = {
			isa = PBXNativeTarget;
			buildConfigurationList = C18112DB2D174F3300EFB4DA /* Build configuration list for PBXNativeTarget "Calender" */;
			buildPhases = (
				C18112D02D174F3300EFB4DA /* Sources */,
				C18112D12D174F3300EFB4DA /* Frameworks */,
				C18112D22D174F3300EFB4DA /* CopyFiles */,
			);
			buildRules = (
			);
			dependencies = (
			);
			name = Calender;
			productName = Calender;
			productReference = C18112D42D174F3300EFB4DA /* Calender */;
			productType = "com.apple.product-type.tool";
		};
/* End PBXNativeTarget section */

/* Begin PBXProject section */
		C18112CC2D174F3300EFB4DA /* Project object */ = {
			isa = PBXProject;
			attributes = {
				BuildIndependentTargetsInParallel = 1;
				LastUpgradeCheck = 1540;
				TargetAttributes = {
					C18112D32D174F3300EFB4DA = {
						CreatedOnToolsVersion = 15.4;
					};
				};
			};
			buildConfigurationList = C18112CF2D174F3300EFB4DA /* Build configuration list for PBXProject "Calender" */;
			compatibilityVersion = "Xcode 14.0";
			developmentRegion = en;
			hasScannedForEncodings = 0;
			knownRegions = (
				en,
				Base,
			);
			mainGroup = C18112CB2D174F3300EFB4DA;
			productRefGroup = C18112D52D174F3300EFB4DA /* Products */;
			projectDirPath = "";
			projectRoot = "";
			targets = (
				C18112D32D174F3300EFB4DA /* Calender */,
			);
		};
/* End PBXProject section */

/* Begin PBXSourcesBuildPhase section */
		C18112D02D174F3300EFB4DA /* Sources */ = {
			isa = PBXSourcesBuildPhase;
			buildActionMask = 2147483647;
			files = (
				C18112E82D17522B00EFB4DA /* Month.cpp in Sources */,
				C18112E52D17521B00EFB4DA /* Year.cpp in Sources */,
				C18112D82D174F3300EFB4DA /* main.cpp in Sources */,
				C18112EE2D17524200EFB4DA /* Week.cpp in Sources */,
				C18112EB2D17523500EFB4DA /* Day.cpp in Sources */,
				C18112E12D1751E100EFB4DA /* Calender.cpp in Sources */,
			);
			runOnlyForDeploymentPostprocessing = 0;
		};
/* End PBXSourcesBuildPhase section */

/* Begin XCBuildConfiguration section */
		C18112D92D174F3300EFB4DA /* Debug */ = {
			isa = XCBuildConfiguration;
			buildSettings = {
				ALWAYS_SEARCH_USER_PATHS = NO;
				ASSETCATALOG_COMPILER_GENERATE_SWIFT_ASSET_SYMBOL_EXTENSIONS = YES;
				CLANG_ANALYZER_NONNULL = YES;
				CLANG_ANALYZER_NUMBER_OBJECT_CONVERSION = YES_AGGRESSIVE;
				CLANG_CXX_LANGUAGE_STANDARD = "gnu++20";
				CLANG_ENABLE_MODULES = YES;
				CLANG_ENABLE_OBJC_ARC = YES;
				CLANG_ENABLE_OBJC_WEAK = YES;
				CLANG_WARN_BLOCK_CAPTURE_AUTORELEASING = YES;
				CLANG_WARN_BOOL_CONVERSION = YES;
				CLANG_WARN_COMMA = YES;
				CLANG_WARN_CONSTANT_CONVERSION = YES;
				CLANG_WARN_DEPRECATED_OBJC_IMPLEMENTATIONS = YES;
				CLANG_WARN_DIRECT_OBJC_ISA_USAGE = YES_ERROR;
				CLANG_WARN_DOCUMENTATION_COMMENTS = YES;
				CLANG_WARN_EMPTY_BODY = YES;
				CLANG_WARN_ENUM_CONVERSION = YES;
				CLANG_WARN_INFINITE_RECURSION = YES;
				CLANG_WARN_INT_CONVERSION = YES;
				CLANG_WARN_NON_LITERAL_NULL_CONVERSION = YES;
				CLANG_WARN_OBJC_IMPLICIT_RETAIN_SELF = YES;
				CLANG_WARN_OBJC_LITERAL_CONVERSION = YES;
				CLANG_WARN_OBJC_ROOT_CLASS = YES_ERROR;
				CLANG_WARN_QUOTED_INCLUDE_IN_FRAMEWORK_HEADER = YES;
				CLANG_WARN_RANGE_LOOP_ANALYSIS = YES;
				CLANG_WARN_STRICT_PROTOTYPES = YES;
				CLANG_WARN_SUSPICIOUS_MOVE = YES;
				CLANG_WARN_UNGUARDED_AVAILABILITY = YES_AGGRESSIVE;
				CLANG_WARN_UNREACHABLE_CODE = YES;
				CLANG_WARN__DUPLICATE_METHOD_MATCH = YES;
				COPY_PHASE_STRIP = NO;
				DEBUG_INFORMATION_FORMAT = dwarf;
				ENABLE_STRICT_OBJC_MSGSEND = YES;
				ENABLE_TESTABILITY = YES;
				ENABLE_USER_SCRIPT_SANDBOXING = YES;
				GCC_C_LANGUAGE_STANDARD = gnu17;
				GCC_DYNAMIC_NO_PIC = NO;
				GCC_NO_COMMON_BLOCKS = YES;
				GCC_OPTIMIZATION_LEVEL = 0;
				GCC_PREPROCESSOR_DEFINITIONS = (
					"DEBUG=1",
					"$(inherited)",
				);
				GCC_WARN_64_TO_32_BIT_CONVERSION = YES;
				GCC_WARN_ABOUT_RETURN_TYPE = YES_ERROR;
				GCC_WARN_UNDECLARED_SELECTOR = YES;
				GCC_WARN_UNINITIALIZED_AUTOS = YES_AGGRESSIVE;
				GCC_WARN_UNUSED_FUNCTION = YES;
				GCC_WARN_UNUSED_VARIABLE = YES;
				LOCALIZATION_PREFERS_STRING_CATALOGS = YES;
				MACOSX_DEPLOYMENT_TARGET = 14.4;
				MTL_ENABLE_DEBUG_INFO = INCLUDE_SOURCE;
				MTL_FAST_MATH = YES;
				ONLY_ACTIVE_ARCH = YES;
				SDKROOT = macosx;
			};
			name = Debug;
		};
		C18112DA2D174F3300EFB4DA /* Release */ = {
			isa = XCBuildConfiguration;
			buildSettings = {
				ALWAYS_SEARCH_USER_PATHS = NO;
				ASSETCATALOG_COMPILER_GENERATE_SWIFT_ASSET_SYMBOL_EXTENSIONS = YES;
				CLANG_ANALYZER_NONNULL = YES;
				CLANG_ANALYZER_NUMBER_OBJECT_CONVERSION = YES_AGGRESSIVE;
				CLANG_CXX_LANGUAGE_STANDARD = "gnu++20";
				CLANG_ENABLE_MODULES = YES;
				CLANG_ENABLE_OBJC_ARC = YES;
				CLANG_ENABLE_OBJC_WEAK = YES;
				CLANG_WARN_BLOCK_CAPTURE_AUTORELEASING = YES;
				CLANG_WARN_BOOL_CONVERSION = YES;
				CLANG_WARN_COMMA = YES;
				CLANG_WARN_CONSTANT_CONVERSION = YES;
				CLANG_WARN_DEPRECATED_OBJC_IMPLEMENTATIONS = YES;
				CLANG_WARN_DIRECT_OBJC_ISA_USAGE = YES_ERROR;
				CLANG_WARN_DOCUMENTATION_COMMENTS = YES;
				CLANG_WARN_EMPTY_BODY = YES;
				CLANG_WARN_ENUM_CONVERSION = YES;
				CLANG_WARN_INFINITE_RECURSION = YES;
				CLANG_WARN_INT_CONVERSION = YES;
				CLANG_WARN_NON_LITERAL_NULL_CONVERSION = YES;
				CLANG_WARN_OBJC_IMPLICIT_RETAIN_SELF = YES;
				CLANG_WARN_OBJC_LITERAL_CONVERSION = YES;
				CLANG_WARN_OBJC_ROOT_CLASS = YES_ERROR;
				CLANG_WARN_QUOTED_INCLUDE_IN_FRAMEWORK_HEADER = YES;
				CLANG_WARN_RANGE_LOOP_ANALYSIS = YES;
				CLANG_WARN_STRICT_PROTOTYPES = YES;
				CLANG_WARN_SUSPICIOUS_MOVE = YES;
				CLANG_WARN_UNGUARDED_AVAILABILITY = YES_AGGRESSIVE;
				CLANG_WARN_UNREACHABLE_CODE = YES;
				CLANG_WARN__DUPLICATE_METHOD_MATCH = YES;
				COPY_PHASE_STRIP = NO;
				DEBUG_INFORMATION_FORMAT = "dwarf-with-dsym";
				ENABLE_NS_ASSERTIONS = NO;
				ENABLE_STRICT_OBJC_MSGSEND = YES;
				ENABLE_USER_SCRIPT_SANDBOXING = YES;
				GCC_C_LANGUAGE_STANDARD = gnu17;
				GCC_NO_COMMON_BLOCKS = YES;
				GCC_WARN_64_TO_32_BIT_CONVERSION = YES;
				GCC_WARN_ABOUT_RETURN_TYPE = YES_ERROR;
				GCC_WARN_UNDECLARED_SELECTOR = YES;
				GCC_WARN_UNINITIALIZED_AUTOS = YES_AGGRESSIVE;
				GCC_WARN_UNUSED_FUNCTION = YES;
				GCC_WARN_UNUSED_VARIABLE = YES;
				LOCALIZATION_PREFERS_STRING_CATALOGS = YES;
				MACOSX_DEPLOYMENT_TARGET = 14.4;
				MTL_ENABLE_DEBUG_INFO = NO;
				MTL_FAST_MATH = YES;
				SDKROOT = macosx;
			};
			name = Release;
		};
		C18112DC2D174F3300EFB4DA /* Debug */ = {
			isa = XCBuildConfiguration;
			buildSettings = {
				CODE_SIGN_STYLE = Automatic;
				PRODUCT_NAME = "$(TARGET_NAME)";
			};
			name = Debug;
		};
		C18112DD2D174F3300EFB4DA /* Release */ = {
			isa = XCBuildConfiguration;
			buildSettings = {
				CODE_SIGN_STYLE = Automatic;
				PRODUCT_NAME = "$(TARGET_NAME)";
			};
			name = Release;
		};
/* End XCBuildConfiguration section */

/* Begin XCConfigurationList section */
		C18112CF2D174F3300EFB4DA /* Build configuration list for PBXProject "Calender" */ = {
			isa = XCConfigurationList;
			buildConfigurations = (
				C18112D92D174F3300EFB4DA /* Debug */,
				C18112DA2D174F3300EFB4DA /* Release */,
			);
			defaultConfigurationIsVisible = 0;
			defaultConfigurationName = Release;
		};
		C18112DB2D174F3300EFB4DA /* Build configuration list for PBXNativeTarget "Calender" */ = {
			isa = XCConfigurationList;
			buildConfigurations = (
				C18112DC2D174F3300EFB4DA /* Debug */,
				C18112DD2D174F3300EFB4DA /* Release */,
			);
			defaultConfigurationIsVisible = 0;
			defaultConfigurationName = Release;
		};
/* End XCConfigurationList section */
	};
	rootObject = C18112CC2D174F3300EFB4DA /* Project object */;
}
